{
  "name": "testing",
  "version": "1.0.0",
  "lockfileVersion": 1,
  "requires": true,
  "dependencies": {
    "@smithy/property-provider": {
      "version": "2.0.12",
      "resolved": "https://registry.npmjs.org/@smithy/property-provider/-/property-provider-2.0.12.tgz",
      "integrity": "sha512-Un/OvvuQ1Kg8WYtoMCicfsFFuHb/TKL3pCA6ZIo/WvNTJTR94RtoRnL7mY4XkkUAoFMyf6KjcQJ76y1FX7S5rw==",
      "requires": {
        "@smithy/types": "^2.3.5",
        "tslib": "^2.5.0"
      }
    },
    "@smithy/types": {
      "version": "2.3.5",
      "resolved": "https://registry.npmjs.org/@smithy/types/-/types-2.3.5.tgz",
      "integrity": "sha512-ehyDt8M9hehyxrLQGoA1BGPou8Js1Ocoh5M0ngDhJMqbFmNK5N6Xhr9/ZExWkyIW8XcGkiMPq3ZUEE0ScrhbuQ==",
      "requires": {
        "tslib": "^2.5.0"
      }
    },
    "tslib": {
      "version": "2.6.2",
      "resolved": "https://registry.npmjs.org/tslib/-/tslib-2.6.2.tgz",
      "integrity": "sha512-AEYxH93jGFPn/a2iVAwW87VuUIkR1FVUKB77NwMF7nBTDkDrrT/Hpt/IrCJ0QXhW27jTBDcf5ZY7w6RiqTMw2Q=="
    }
  }
}
